
Microsoft Visual Studio Solution File, Format Version 12.00
# Visual Studio Version 16
VisualStudioVersion = 16.0.31605.320
MinimumVisualStudioVersion = 10.0.40219.1
Project("{8BC9CEB8-8B4A-11D0-8D11-00A0C91BC942}") = "SK-Lib-cmath-isinf-Bagian4__CPP", "SK-Lib-cmath-isinf-Bagian4__CPP\SK-Lib-cmath-isinf-Bagian4__CPP.vcxproj", "{8D405EE7-C1C8-4AD4-BD7E-364B9070A012}"
EndProject
Global
	GlobalSection(SolutionConfigurationPlatforms) = preSolution
		Debug|x64 = Debug|x64
		Debug|x86 = Debug|x86
		Release|x64 = Release|x64
		Release|x86 = Release|x86
	EndGlobalSection
	GlobalSection(ProjectConfigurationPlatforms) = postSolution
		{8D405EE7-C1C8-4AD4-BD7E-364B9070A012}.Debug|x64.ActiveCfg = Debug|x64
		{8D405EE7-C1C8-4AD4-BD7E-364B9070A012}.Debug|x64.Build.0 = Debug|x64
		{8D405EE7-C1C8-4AD4-BD7E-364B9070A012}.Debug|x86.ActiveCfg = Debug|Win32
		{8D405EE7-C1C8-4AD4-BD7E-364B9070A012}.Debug|x86.Build.0 = Debug|Win32
		{8D405EE7-C1C8-4AD4-BD7E-364B9070A012}.Release|x64.ActiveCfg = Release|x64
		{8D405EE7-C1C8-4AD4-BD7E-364B9070A012}.Release|x64.Build.0 = Release|x64
		{8D405EE7-C1C8-4AD4-BD7E-364B9070A012}.Release|x86.ActiveCfg = Release|Win32
		{8D405EE7-C1C8-4AD4-BD7E-364B9070A012}.Release|x86.Build.0 = Release|Win32
	EndGlobalSection
	GlobalSection(SolutionProperties) = preSolution
		HideSolutionNode = FALSE
	EndGlobalSection
	GlobalSection(ExtensibilityGlobals) = postSolution
		SolutionGuid = {6085A508-096C-4484-8FFC-8519A66B38A0}
	EndGlobalSection
EndGlobal
